
Microsoft Visual Studio Solution File, Format Version 12.00
# Visual Studio Version 16
VisualStudioVersion = 16.0.30011.22
MinimumVisualStudioVersion = 10.0.40219.1
Project("{9A19103F-16F7-4668-BE54-9A1E7A4F7556}") = "Number Pyramid", "Number Pyramid\Number Pyramid.csproj", "{08B45E20-B0CD-4DD8-8CC6-60FCF1773423}"
EndProject
Project("{9A19103F-16F7-4668-BE54-9A1E7A4F7556}") = "Train The Trainers", "Train The Trainers\Train The Trainers.csproj", "{8B9307C0-85B3-4A72-A4DD-7B9EAE8776EB}"
EndProject
Project("{9A19103F-16F7-4668-BE54-9A1E7A4F7556}") = "Sum Prime Non Prime", "Sum Prime Non Prime\Sum Prime Non Prime.csproj", "{E2D5DEB8-B020-4607-AC6B-D74D0E13A30A}"
EndProject
Project("{9A19103F-16F7-4668-BE54-9A1E7A4F7556}") = "Special Numbers", "Special Numbers\Special Numbers.csproj", "{B4C51E55-6F34-4C6F-98A9-80499803E642}"
EndProject
Project("{9A19103F-16F7-4668-BE54-9A1E7A4F7556}") = "Password Generator", "Password Generator\Password Generator.csproj", "{9695737D-F3B6-4F23-A17E-282CD0593104}"
EndProject
Project("{FAE04EC0-301F-11D3-BF4B-00C04F79EFBC}") = "Equal Sums Even Odd Position", "Equal Sums Even Odd Position\Equal Sums Even Odd Position.csproj", "{950EF411-ACFF-4B34-83D1-1A02D2BB06C2}"
EndProject
Global
	GlobalSection(SolutionConfigurationPlatforms) = preSolution
		Debug|Any CPU = Debug|Any CPU
		Release|Any CPU = Release|Any CPU
	EndGlobalSection
	GlobalSection(ProjectConfigurationPlatforms) = postSolution
		{08B45E20-B0CD-4DD8-8CC6-60FCF1773423}.Debug|Any CPU.ActiveCfg = Debug|Any CPU
		{08B45E20-B0CD-4DD8-8CC6-60FCF1773423}.Debug|Any CPU.Build.0 = Debug|Any CPU
		{08B45E20-B0CD-4DD8-8CC6-60FCF1773423}.Release|Any CPU.ActiveCfg = Release|Any CPU
		{08B45E20-B0CD-4DD8-8CC6-60FCF1773423}.Release|Any CPU.Build.0 = Release|Any CPU
		{8B9307C0-85B3-4A72-A4DD-7B9EAE8776EB}.Debug|Any CPU.ActiveCfg = Debug|Any CPU
		{8B9307C0-85B3-4A72-A4DD-7B9EAE8776EB}.Debug|Any CPU.Build.0 = Debug|Any CPU
		{8B9307C0-85B3-4A72-A4DD-7B9EAE8776EB}.Release|Any CPU.ActiveCfg = Release|Any CPU
		{8B9307C0-85B3-4A72-A4DD-7B9EAE8776EB}.Release|Any CPU.Build.0 = Release|Any CPU
		{E2D5DEB8-B020-4607-AC6B-D74D0E13A30A}.Debug|Any CPU.ActiveCfg = Debug|Any CPU
		{E2D5DEB8-B020-4607-AC6B-D74D0E13A30A}.Debug|Any CPU.Build.0 = Debug|Any CPU
		{E2D5DEB8-B020-4607-AC6B-D74D0E13A30A}.Release|Any CPU.ActiveCfg = Release|Any CPU
		{E2D5DEB8-B020-4607-AC6B-D74D0E13A30A}.Release|Any CPU.Build.0 = Release|Any CPU
		{B4C51E55-6F34-4C6F-98A9-80499803E642}.Debug|Any CPU.ActiveCfg = Debug|Any CPU
		{B4C51E55-6F34-4C6F-98A9-80499803E642}.Debug|Any CPU.Build.0 = Debug|Any CPU
		{B4C51E55-6F34-4C6F-98A9-80499803E642}.Release|Any CPU.ActiveCfg = Release|Any CPU
		{B4C51E55-6F34-4C6F-98A9-80499803E642}.Release|Any CPU.Build.0 = Release|Any CPU
		{9695737D-F3B6-4F23-A17E-282CD0593104}.Debug|Any CPU.ActiveCfg = Debug|Any CPU
		{9695737D-F3B6-4F23-A17E-282CD0593104}.Debug|Any CPU.Build.0 = Debug|Any CPU
		{9695737D-F3B6-4F23-A17E-282CD0593104}.Release|Any CPU.ActiveCfg = Release|Any CPU
		{9695737D-F3B6-4F23-A17E-282CD0593104}.Release|Any CPU.Build.0 = Release|Any CPU
		{950EF411-ACFF-4B34-83D1-1A02D2BB06C2}.Debug|Any CPU.ActiveCfg = Debug|Any CPU
		{950EF411-ACFF-4B34-83D1-1A02D2BB06C2}.Debug|Any CPU.Build.0 = Debug|Any CPU
		{950EF411-ACFF-4B34-83D1-1A02D2BB06C2}.Release|Any CPU.ActiveCfg = Release|Any CPU
		{950EF411-ACFF-4B34-83D1-1A02D2BB06C2}.Release|Any CPU.Build.0 = Release|Any CPU
	EndGlobalSection
	GlobalSection(SolutionProperties) = preSolution
		HideSolutionNode = FALSE
	EndGlobalSection
	GlobalSection(ExtensibilityGlobals) = postSolution
		SolutionGuid = {54A0ECBE-09B0-4409-9B7E-DB7FE61608F1}
	EndGlobalSection
EndGlobal
